
Microsoft Visual Studio Solution File, Format Version 12.00
# Visual Studio Version 16
VisualStudioVersion = 16.0.30804.86
MinimumVisualStudioVersion = 10.0.40219.1
Project("{8BC9CEB8-8B4A-11D0-8D11-00A0C91BC942}") = "oop5.1", "oop5.1\oop5.1.vcxproj", "{F7AEB002-4AFB-46FE-B60E-C4F814451496}"
EndProject
Project("{8BC9CEB8-8B4A-11D0-8D11-00A0C91BC942}") = "UnitTest5_1_A", "UnitTest5_1_A\UnitTest5_1_A.vcxproj", "{C279CCE0-0AB0-48AC-8FD0-68900F1C1584}"
EndProject
Global
	GlobalSection(SolutionConfigurationPlatforms) = preSolution
		Debug|x64 = Debug|x64
		Debug|x86 = Debug|x86
		Release|x64 = Release|x64
		Release|x86 = Release|x86
	EndGlobalSection
	GlobalSection(ProjectConfigurationPlatforms) = postSolution
		{F7AEB002-4AFB-46FE-B60E-C4F814451496}.Debug|x64.ActiveCfg = Debug|x64
		{F7AEB002-4AFB-46FE-B60E-C4F814451496}.Debug|x64.Build.0 = Debug|x64
		{F7AEB002-4AFB-46FE-B60E-C4F814451496}.Debug|x86.ActiveCfg = Debug|Win32
		{F7AEB002-4AFB-46FE-B60E-C4F814451496}.Debug|x86.Build.0 = Debug|Win32
		{F7AEB002-4AFB-46FE-B60E-C4F814451496}.Release|x64.ActiveCfg = Release|x64
		{F7AEB002-4AFB-46FE-B60E-C4F814451496}.Release|x64.Build.0 = Release|x64
		{F7AEB002-4AFB-46FE-B60E-C4F814451496}.Release|x86.ActiveCfg = Release|Win32
		{F7AEB002-4AFB-46FE-B60E-C4F814451496}.Release|x86.Build.0 = Release|Win32
		{C279CCE0-0AB0-48AC-8FD0-68900F1C1584}.Debug|x64.ActiveCfg = Debug|x64
		{C279CCE0-0AB0-48AC-8FD0-68900F1C1584}.Debug|x64.Build.0 = Debug|x64
		{C279CCE0-0AB0-48AC-8FD0-68900F1C1584}.Debug|x86.ActiveCfg = Debug|Win32
		{C279CCE0-0AB0-48AC-8FD0-68900F1C1584}.Debug|x86.Build.0 = Debug|Win32
		{C279CCE0-0AB0-48AC-8FD0-68900F1C1584}.Release|x64.ActiveCfg = Release|x64
		{C279CCE0-0AB0-48AC-8FD0-68900F1C1584}.Release|x64.Build.0 = Release|x64
		{C279CCE0-0AB0-48AC-8FD0-68900F1C1584}.Release|x86.ActiveCfg = Release|Win32
		{C279CCE0-0AB0-48AC-8FD0-68900F1C1584}.Release|x86.Build.0 = Release|Win32
	EndGlobalSection
	GlobalSection(SolutionProperties) = preSolution
		HideSolutionNode = FALSE
	EndGlobalSection
	GlobalSection(ExtensibilityGlobals) = postSolution
		SolutionGuid = {2197B63D-CDC4-42E6-B5A8-16FEABFEB063}
	EndGlobalSection
EndGlobal
